{
  "version": "1.0",
  "description": "GENERATED from spectral-config/config/domains.config.ts — do not hand-edit. Regenerate with `npm run generate:all` in spectral-config/.",
  "canonVersion": 1,
  "artifacts": {
    "x402-routes.json": "b2-256:5cd44a4b0e75b6c60a4962d4620300a8838f194d3488ef608d3ecc5cdb02768c",
    "openapi.json": "b2-256:7e8f1eb25e237388fcba7fc34370e3f502c2dd99d6833419e575db4bde59d002",
    "discovery.json": "b2-256:5aad86fc9c77e3a43b7e07e88fce9a059e64577850ce7eab6fa39e7583a8651d",
    "catalog.json": "b2-256:b572051b0227f4806e75e7bfe9a6e6d0589908ccc345c174fdce766f8f637488",
    "mcp-tools.json": "b2-256:9714014fa124446f14061007ada72594594ff93a1e3462e7e8aeea232cd37b2c",
    "runtime-policy.json": "b2-256:7c350c0585d1cc9a8238319f9a13a078d02cadda2c79428782218d61f0b70cab",
    "fingerprint-spec.json": "b2-256:d8b59478e4ead6cd2514f64e9954c8d718a34e2e5a1adc7706f522e1b1194656",
    "refusals.json": "b2-256:4db6a1ace5b72f67cf3a4b0a049d8976f90dc67de343a3530d635abeb499546e"
  }
}
