{
  "version": "1.0",
  "description": "GENERATED from spectral-config/config/domains.config.ts — do not hand-edit. Regenerate with `npm run generate:all` in spectral-config/.",
  "canonVersion": 1,
  "artifacts": {
    "x402-routes.json": "b2-256:bd586e13cc32e0fa5ec6eb3f58d7e598212fde39a27945fcde76b08099c2b478",
    "openapi.json": "b2-256:07ce249200a9cb74db84a115fe367ddd9a757d7361921465fb58e8c5ed19ef48",
    "discovery.json": "b2-256:b88c211934373e7bb32adeb7b7c0ce03714348fe0f47350e2e36c845dbc6f53e",
    "catalog.json": "b2-256:b3949b66ee39a5bc653767ae215afc42eaba72f27e8aac9d3113df27f9d7f538",
    "mcp-tools.json": "b2-256:5e7279bbd01cc7c06205201afc52c5e08f98ffc2ec026e2be65aafff4e7bb16f",
    "runtime-policy.json": "b2-256:877e5b17dc234e11090e51f1cff0e433141dbb490395fa8f6cc2d0788e4b311c",
    "fingerprint-spec.json": "b2-256:d8b59478e4ead6cd2514f64e9954c8d718a34e2e5a1adc7706f522e1b1194656",
    "refusals.json": "b2-256:4db6a1ace5b72f67cf3a4b0a049d8976f90dc67de343a3530d635abeb499546e"
  }
}
